{
    "_meta": {
        "hash": {
            "sha256": "edcab21533a74edb458f4321003f025921a063ea0963a8e1c74f3b3b80745157"
        },
        "pipfile-spec": 6,
        "requires": {
            "python_full_version": "3.12.5",
            "python_version": "3.12"
        },
        "sources": [
            {
                "name": "pypi",
                "url": "https://pypi.org/simple",
                "verify_ssl": true
            }
        ]
    },
    "default": {
        "prettytable": {
            "hashes": [
                "sha256:7e23ca1e68bbfd06ba8de98bf553bf3493264c96d5e8a615c0471025deeba722",
                "sha256:aa17083feb6c71da11a68b2c213b04675c4af4ce9c541762632ca3f2cb3546dd"
            ],
            "index": "pypi",
            "markers": "python_version >= '3.8'",
            "version": "==3.11.0"
        },
        "wcwidth": {
            "hashes": [
                "sha256:3da69048e4540d84af32131829ff948f1e022c1c6bdb8d6102117aac784f6859",
                "sha256:72ea0c06399eb286d978fdedb6923a9eb47e1c486ce63e9b4e64fc18303972b5"
            ],
            "version": "==0.2.13"
        }
    },
    "develop": {}
}
